
Microsoft Visual Studio Solution File, Format Version 12.00
# Visual Studio Version 17
VisualStudioVersion = 17.0.31903.59
MinimumVisualStudioVersion = 10.0.40219.1
Project("{2150E333-8FDC-42A3-9474-1A3956D46DE8}") = "Estiblazor.UI", "Estiblazor.UI", "{F904BFDB-A86B-42B6-BAC2-2E474921BE3F}"
EndProject
Project("{9A19103F-16F7-4668-BE54-9A1E7A4F7556}") = "Estiblazor.UI", "Estiblazor.UI\Estiblazor.UI\Estiblazor.UI.csproj", "{F668714F-443B-4043-8DB8-53A622B01A51}"
EndProject
Global
	GlobalSection(SolutionConfigurationPlatforms) = preSolution
		Debug|Any CPU = Debug|Any CPU
		Release|Any CPU = Release|Any CPU
	EndGlobalSection
	GlobalSection(ProjectConfigurationPlatforms) = postSolution
		{F668714F-443B-4043-8DB8-53A622B01A51}.Debug|Any CPU.ActiveCfg = Debug|Any CPU
		{F668714F-443B-4043-8DB8-53A622B01A51}.Debug|Any CPU.Build.0 = Debug|Any CPU
		{F668714F-443B-4043-8DB8-53A622B01A51}.Release|Any CPU.ActiveCfg = Release|Any CPU
		{F668714F-443B-4043-8DB8-53A622B01A51}.Release|Any CPU.Build.0 = Release|Any CPU
	EndGlobalSection
	GlobalSection(SolutionProperties) = preSolution
		HideSolutionNode = FALSE
	EndGlobalSection
	GlobalSection(NestedProjects) = preSolution
		{F668714F-443B-4043-8DB8-53A622B01A51} = {F904BFDB-A86B-42B6-BAC2-2E474921BE3F}
	EndGlobalSection
EndGlobal
